// !$*UTF8*$!
{
	archiveVersion = 1;
	classes = {
	};
	objectVersion = 54;
	objects = {

/* Begin PBXBuildFile section */
		3FC7C54F24A2F10500437012 /* MeetingSwiftApp.swift in Sources */ = {isa = PBXBuildFile; fileRef = 3FC7C54E24A2F10500437012 /* MeetingSwiftApp.swift */; };
		3FC7C55124A2F10500437012 /* ContentView.swift in Sources */ = {isa = PBXBuildFile; fileRef = 3FC7C55024A2F10500437012 /* ContentView.swift */; };
		3FC7C55324A2F10700437012 /* Assets.xcassets in Resources */ = {isa = PBXBuildFile; fileRef = 3FC7C55224A2F10700437012 /* Assets.xcassets */; };
		3FC7C55624A2F10700437012 /* Preview Assets.xcassets in Resources */ = {isa = PBXBuildFile; fileRef = 3FC7C55524A2F10700437012 /* Preview Assets.xcassets */; };
		3FC7C56124A2F10700437012 /* MeetingSwiftTests.swift in Sources */ = {isa = PBXBuildFile; fileRef = 3FC7C56024A2F10700437012 /* MeetingSwiftTests.swift */; };
		3FC7C56C24A2F10700437012 /* MeetingSwiftUITests.swift in Sources */ = {isa = PBXBuildFile; fileRef = 3FC7C56B24A2F10700437012 /* MeetingSwiftUITests.swift */; };
		3FC7C57A24A40A1C00437012 /* Meeting.swift in Sources */ = {isa = PBXBuildFile; fileRef = 3FC7C57924A40A1C00437012 /* Meeting.swift */; };
		3FC7C57E24A42DC600437012 /* MeetingDetails.swift in Sources */ = {isa = PBXBuildFile; fileRef = 3FC7C57D24A42DC600437012 /* MeetingDetails.swift */; };
		3FC7C58024A43C8700437012 /* LaunchScreen.storyboard in Resources */ = {isa = PBXBuildFile; fileRef = 3FC7C57F24A43C8700437012 /* LaunchScreen.storyboard */; };
/* End PBXBuildFile section */

/* Begin PBXContainerItemProxy section */
		3FC7C55D24A2F10700437012 /* PBXContainerItemProxy */ = {
			isa = PBXContainerItemProxy;
			containerPortal = 3FC7C54324A2F10500437012 /* Project object */;
			proxyType = 1;
			remoteGlobalIDString = 3FC7C54A24A2F10500437012;
			remoteInfo = MeetingSwift;
		};
		3FC7C56824A2F10700437012 /* PBXContainerItemProxy */ = {
			isa = PBXContainerItemProxy;
			containerPortal = 3FC7C54324A2F10500437012 /* Project object */;
			proxyType = 1;
			remoteGlobalIDString = 3FC7C54A24A2F10500437012;
			remoteInfo = MeetingSwift;
		};
/* End PBXContainerItemProxy section */

/* Begin PBXFileReference section */
		3FC7C54B24A2F10500437012 /* MeetingSwift.app */ = {isa = PBXFileReference; explicitFileType = wrapper.application; includeInIndex = 0; path = MeetingSwift.app; sourceTree = BUILT_PRODUCTS_DIR; };
		3FC7C54E24A2F10500437012 /* MeetingSwiftApp.swift */ = {isa = PBXFileReference; lastKnownFileType = sourcecode.swift; path = MeetingSwiftApp.swift; sourceTree = "<group>"; };
		3FC7C55024A2F10500437012 /* ContentView.swift */ = {isa = PBXFileReference; lastKnownFileType = sourcecode.swift; path = ContentView.swift; sourceTree = "<group>"; };
		3FC7C55224A2F10700437012 /* Assets.xcassets */ = {isa = PBXFileReference; lastKnownFileType = folder.assetcatalog; path = Assets.xcassets; sourceTree = "<group>"; };
		3FC7C55524A2F10700437012 /* Preview Assets.xcassets */ = {isa = PBXFileReference; lastKnownFileType = folder.assetcatalog; path = "Preview Assets.xcassets"; sourceTree = "<group>"; };
		3FC7C55724A2F10700437012 /* Info.plist */ = {isa = PBXFileReference; lastKnownFileType = text.plist.xml; path = Info.plist; sourceTree = "<group>"; };
		3FC7C55C24A2F10700437012 /* MeetingSwiftTests.xctest */ = {isa = PBXFileReference; explicitFileType = wrapper.cfbundle; includeInIndex = 0; path = MeetingSwiftTests.xctest; sourceTree = BUILT_PRODUCTS_DIR; };
		3FC7C56024A2F10700437012 /* MeetingSwiftTests.swift */ = {isa = PBXFileReference; lastKnownFileType = sourcecode.swift; path = MeetingSwiftTests.swift; sourceTree = "<group>"; };
		3FC7C56224A2F10700437012 /* Info.plist */ = {isa = PBXFileReference; lastKnownFileType = text.plist.xml; path = Info.plist; sourceTree = "<group>"; };
		3FC7C56724A2F10700437012 /* MeetingSwiftUITests.xctest */ = {isa = PBXFileReference; explicitFileType = wrapper.cfbundle; includeInIndex = 0; path = MeetingSwiftUITests.xctest; sourceTree = BUILT_PRODUCTS_DIR; };
		3FC7C56B24A2F10700437012 /* MeetingSwiftUITests.swift */ = {isa = PBXFileReference; lastKnownFileType = sourcecode.swift; path = MeetingSwiftUITests.swift; sourceTree = "<group>"; };
		3FC7C56D24A2F10700437012 /* Info.plist */ = {isa = PBXFileReference; lastKnownFileType = text.plist.xml; path = Info.plist; sourceTree = "<group>"; };
		3FC7C57924A40A1C00437012 /* Meeting.swift */ = {isa = PBXFileReference; lastKnownFileType = sourcecode.swift; path = Meeting.swift; sourceTree = "<group>"; };
		3FC7C57D24A42DC600437012 /* MeetingDetails.swift */ = {isa = PBXFileReference; lastKnownFileType = sourcecode.swift; path = MeetingDetails.swift; sourceTree = "<group>"; };
		3FC7C57F24A43C8700437012 /* LaunchScreen.storyboard */ = {isa = PBXFileReference; lastKnownFileType = file.storyboard; path = LaunchScreen.storyboard; sourceTree = "<group>"; };
/* End PBXFileReference section */

/* Begin PBXFrameworksBuildPhase section */
		3FC7C54824A2F10500437012 /* Frameworks */ = {
			isa = PBXFrameworksBuildPhase;
			buildActionMask = 2147483647;
			files = (
			);
			runOnlyForDeploymentPostprocessing = 0;
		};
		3FC7C55924A2F10700437012 /* Frameworks */ = {
			isa = PBXFrameworksBuildPhase;
			buildActionMask = 2147483647;
			files = (
			);
			runOnlyForDeploymentPostprocessing = 0;
		};
		3FC7C56424A2F10700437012 /* Frameworks */ = {
			isa = PBXFrameworksBuildPhase;
			buildActionMask = 2147483647;
			files = (
			);
			runOnlyForDeploymentPostprocessing = 0;
		};
/* End PBXFrameworksBuildPhase section */

/* Begin PBXGroup section */
		3FC7C54224A2F10500437012 = {
			isa = PBXGroup;
			children = (
				3FC7C54D24A2F10500437012 /* MeetingSwift */,
				3FC7C55F24A2F10700437012 /* MeetingSwiftTests */,
				3FC7C56A24A2F10700437012 /* MeetingSwiftUITests */,
				3FC7C54C24A2F10500437012 /* Products */,
			);
			sourceTree = "<group>";
		};
		3FC7C54C24A2F10500437012 /* Products */ = {
			isa = PBXGroup;
			children = (
				3FC7C54B24A2F10500437012 /* MeetingSwift.app */,
				3FC7C55C24A2F10700437012 /* MeetingSwiftTests.xctest */,
				3FC7C56724A2F10700437012 /* MeetingSwiftUITests.xctest */,
			);
			name = Products;
			sourceTree = "<group>";
		};
		3FC7C54D24A2F10500437012 /* MeetingSwift */ = {
			isa = PBXGroup;
			children = (
				3FC7C57F24A43C8700437012 /* LaunchScreen.storyboard */,
				3FC7C54E24A2F10500437012 /* MeetingSwiftApp.swift */,
				3FC7C57924A40A1C00437012 /* Meeting.swift */,
				3FC7C55024A2F10500437012 /* ContentView.swift */,
				3FC7C57D24A42DC600437012 /* MeetingDetails.swift */,
				3FC7C55224A2F10700437012 /* Assets.xcassets */,
				3FC7C55724A2F10700437012 /* Info.plist */,
				3FC7C55424A2F10700437012 /* Preview Content */,
			);
			path = MeetingSwift;
			sourceTree = "<group>";
		};
		3FC7C55424A2F10700437012 /* Preview Content */ = {
			isa = PBXGroup;
			children = (
				3FC7C55524A2F10700437012 /* Preview Assets.xcassets */,
			);
			path = "Preview Content";
			sourceTree = "<group>";
		};
		3FC7C55F24A2F10700437012 /* MeetingSwiftTests */ = {
			isa = PBXGroup;
			children = (
				3FC7C56024A2F10700437012 /* MeetingSwiftTests.swift */,
				3FC7C56224A2F10700437012 /* Info.plist */,
			);
			path = MeetingSwiftTests;
			sourceTree = "<group>";
		};
		3FC7C56A24A2F10700437012 /* MeetingSwiftUITests */ = {
			isa = PBXGroup;
			children = (
				3FC7C56B24A2F10700437012 /* MeetingSwiftUITests.swift */,
				3FC7C56D24A2F10700437012 /* Info.plist */,
			);
			path = MeetingSwiftUITests;
			sourceTree = "<group>";
		};
/* End PBXGroup section */

/* Begin PBXNativeTarget section */
		3FC7C54A24A2F10500437012 /* MeetingSwift */ = {
			isa = PBXNativeTarget;
			buildConfigurationList = 3FC7C57024A2F10700437012 /* Build configuration list for PBXNativeTarget "MeetingSwift" */;
			buildPhases = (
				3FC7C54724A2F10500437012 /* Sources */,
				3FC7C54824A2F10500437012 /* Frameworks */,
				3FC7C54924A2F10500437012 /* Resources */,
			);
			buildRules = (
			);
			dependencies = (
			);
			name = MeetingSwift;
			productName = MeetingSwift;
			productReference = 3FC7C54B24A2F10500437012 /* MeetingSwift.app */;
			productType = "com.apple.product-type.application";
		};
		3FC7C55B24A2F10700437012 /* MeetingSwiftTests */ = {
			isa = PBXNativeTarget;
			buildConfigurationList = 3FC7C57324A2F10700437012 /* Build configuration list for PBXNativeTarget "MeetingSwiftTests" */;
			buildPhases = (
				3FC7C55824A2F10700437012 /* Sources */,
				3FC7C55924A2F10700437012 /* Frameworks */,
				3FC7C55A24A2F10700437012 /* Resources */,
			);
			buildRules = (
			);
			dependencies = (
				3FC7C55E24A2F10700437012 /* PBXTargetDependency */,
			);
			name = MeetingSwiftTests;
			productName = MeetingSwiftTests;
			productReference = 3FC7C55C24A2F10700437012 /* MeetingSwiftTests.xctest */;
			productType = "com.apple.product-type.bundle.unit-test";
		};
		3FC7C56624A2F10700437012 /* MeetingSwiftUITests */ = {
			isa = PBXNativeTarget;
			buildConfigurationList = 3FC7C57624A2F10700437012 /* Build configuration list for PBXNativeTarget "MeetingSwiftUITests" */;
			buildPhases = (
				3FC7C56324A2F10700437012 /* Sources */,
				3FC7C56424A2F10700437012 /* Frameworks */,
				3FC7C56524A2F10700437012 /* Resources */,
			);
			buildRules = (
			);
			dependencies = (
				3FC7C56924A2F10700437012 /* PBXTargetDependency */,
			);
			name = MeetingSwiftUITests;
			productName = MeetingSwiftUITests;
			productReference = 3FC7C56724A2F10700437012 /* MeetingSwiftUITests.xctest */;
			productType = "com.apple.product-type.bundle.ui-testing";
		};
/* End PBXNativeTarget section */

/* Begin PBXProject section */
		3FC7C54324A2F10500437012 /* Project object */ = {
			isa = PBXProject;
			attributes = {
				LastSwiftUpdateCheck = 1200;
				LastUpgradeCheck = 1200;
				TargetAttributes = {
					3FC7C54A24A2F10500437012 = {
						CreatedOnToolsVersion = 12.0;
					};
					3FC7C55B24A2F10700437012 = {
						CreatedOnToolsVersion = 12.0;
						TestTargetID = 3FC7C54A24A2F10500437012;
					};
					3FC7C56624A2F10700437012 = {
						CreatedOnToolsVersion = 12.0;
						TestTargetID = 3FC7C54A24A2F10500437012;
					};
				};
			};
			buildConfigurationList = 3FC7C54624A2F10500437012 /* Build configuration list for PBXProject "MeetingSwift" */;
			compatibilityVersion = "Xcode 12.0";
			developmentRegion = en;
			hasScannedForEncodings = 0;
			knownRegions = (
				en,
				Base,
			);
			mainGroup = 3FC7C54224A2F10500437012;
			productRefGroup = 3FC7C54C24A2F10500437012 /* Products */;
			projectDirPath = "";
			projectRoot = "";
			targets = (
				3FC7C54A24A2F10500437012 /* MeetingSwift */,
				3FC7C55B24A2F10700437012 /* MeetingSwiftTests */,
				3FC7C56624A2F10700437012 /* MeetingSwiftUITests */,
			);
		};
/* End PBXProject section */

/* Begin PBXResourcesBuildPhase section */
		3FC7C54924A2F10500437012 /* Resources */ = {
			isa = PBXResourcesBuildPhase;
			buildActionMask = 2147483647;
			files = (
				3FC7C58024A43C8700437012 /* LaunchScreen.storyboard in Resources */,
				3FC7C55624A2F10700437012 /* Preview Assets.xcassets in Resources */,
				3FC7C55324A2F10700437012 /* Assets.xcassets in Resources */,
			);
			runOnlyForDeploymentPostprocessing = 0;
		};
		3FC7C55A24A2F10700437012 /* Resources */ = {
			isa = PBXResourcesBuildPhase;
			buildActionMask = 2147483647;
			files = (
			);
			runOnlyForDeploymentPostprocessing = 0;
		};
		3FC7C56524A2F10700437012 /* Resources */ = {
			isa = PBXResourcesBuildPhase;
			buildActionMask = 2147483647;
			files = (
			);
			runOnlyForDeploymentPostprocessing = 0;
		};
/* End PBXResourcesBuildPhase section */

/* Begin PBXSourcesBuildPhase section */
		3FC7C54724A2F10500437012 /* Sources */ = {
			isa = PBXSourcesBuildPhase;
			buildActionMask = 2147483647;
			files = (
				3FC7C55124A2F10500437012 /* ContentView.swift in Sources */,
				3FC7C57A24A40A1C00437012 /* Meeting.swift in Sources */,
				3FC7C57E24A42DC600437012 /* MeetingDetails.swift in Sources */,
				3FC7C54F24A2F10500437012 /* MeetingSwiftApp.swift in Sources */,
			);
			runOnlyForDeploymentPostprocessing = 0;
		};
		3FC7C55824A2F10700437012 /* Sources */ = {
			isa = PBXSourcesBuildPhase;
			buildActionMask = 2147483647;
			files = (
				3FC7C56124A2F10700437012 /* MeetingSwiftTests.swift in Sources */,
			);
			runOnlyForDeploymentPostprocessing = 0;
		};
		3FC7C56324A2F10700437012 /* Sources */ = {
			isa = PBXSourcesBuildPhase;
			buildActionMask = 2147483647;
			files = (
				3FC7C56C24A2F10700437012 /* MeetingSwiftUITests.swift in Sources */,
			);
			runOnlyForDeploymentPostprocessing = 0;
		};
/* End PBXSourcesBuildPhase section */

/* Begin PBXTargetDependency section */
		3FC7C55E24A2F10700437012 /* PBXTargetDependency */ = {
			isa = PBXTargetDependency;
			target = 3FC7C54A24A2F10500437012 /* MeetingSwift */;
			targetProxy = 3FC7C55D24A2F10700437012 /* PBXContainerItemProxy */;
		};
		3FC7C56924A2F10700437012 /* PBXTargetDependency */ = {
			isa = PBXTargetDependency;
			target = 3FC7C54A24A2F10500437012 /* MeetingSwift */;
			targetProxy = 3FC7C56824A2F10700437012 /* PBXContainerItemProxy */;
		};
/* End PBXTargetDependency section */

/* Begin XCBuildConfiguration section */
		3FC7C56E24A2F10700437012 /* Debug */ = {
			isa = XCBuildConfiguration;
			buildSettings = {
				ALWAYS_SEARCH_USER_PATHS = NO;
				CLANG_ANALYZER_NONNULL = YES;
				CLANG_ANALYZER_NUMBER_OBJECT_CONVERSION = YES_AGGRESSIVE;
				CLANG_CXX_LANGUAGE_STANDARD = "gnu++14";
				CLANG_CXX_LIBRARY = "libc++";
				CLANG_ENABLE_MODULES = YES;
				CLANG_ENABLE_OBJC_ARC = YES;
				CLANG_ENABLE_OBJC_WEAK = YES;
				CLANG_WARN_BLOCK_CAPTURE_AUTORELEASING = YES;
				CLANG_WARN_BOOL_CONVERSION = YES;
				CLANG_WARN_COMMA = YES;
				CLANG_WARN_CONSTANT_CONVERSION = YES;
				CLANG_WARN_DEPRECATED_OBJC_IMPLEMENTATIONS = YES;
				CLANG_WARN_DIRECT_OBJC_ISA_USAGE = YES_ERROR;
				CLANG_WARN_DOCUMENTATION_COMMENTS = YES;
				CLANG_WARN_EMPTY_BODY = YES;
				CLANG_WARN_ENUM_CONVERSION = YES;
				CLANG_WARN_INFINITE_RECURSION = YES;
				CLANG_WARN_INT_CONVERSION = YES;
				CLANG_WARN_NON_LITERAL_NULL_CONVERSION = YES;
				CLANG_WARN_OBJC_IMPLICIT_RETAIN_SELF = YES;
				CLANG_WARN_OBJC_LITERAL_CONVERSION = YES;
				CLANG_WARN_OBJC_ROOT_CLASS = YES_ERROR;
				CLANG_WARN_QUOTED_INCLUDE_IN_FRAMEWORK_HEADER = YES;
				CLANG_WARN_RANGE_LOOP_ANALYSIS = YES;
				CLANG_WARN_STRICT_PROTOTYPES = YES;
				CLANG_WARN_SUSPICIOUS_MOVE = YES;
				CLANG_WARN_UNGUARDED_AVAILABILITY = YES_AGGRESSIVE;
				CLANG_WARN_UNREACHABLE_CODE = YES;
				CLANG_WARN__DUPLICATE_METHOD_MATCH = YES;
				COPY_PHASE_STRIP = NO;
				DEBUG_INFORMATION_FORMAT = dwarf;
				ENABLE_STRICT_OBJC_MSGSEND = YES;
				ENABLE_TESTABILITY = YES;
				GCC_C_LANGUAGE_STANDARD = gnu11;
				GCC_DYNAMIC_NO_PIC = NO;
				GCC_NO_COMMON_BLOCKS = YES;
				GCC_OPTIMIZATION_LEVEL = 0;
				GCC_PREPROCESSOR_DEFINITIONS = (
					"DEBUG=1",
					"$(inherited)",
				);
				GCC_WARN_64_TO_32_BIT_CONVERSION = YES;
				GCC_WARN_ABOUT_RETURN_TYPE = YES_ERROR;
				GCC_WARN_UNDECLARED_SELECTOR = YES;
				GCC_WARN_UNINITIALIZED_AUTOS = YES_AGGRESSIVE;
				GCC_WARN_UNUSED_FUNCTION = YES;
				GCC_WARN_UNUSED_VARIABLE = YES;
				IPHONEOS_DEPLOYMENT_TARGET = 14.0;
				MTL_ENABLE_DEBUG_INFO = INCLUDE_SOURCE;
				MTL_FAST_MATH = YES;
				ONLY_ACTIVE_ARCH = YES;
				SDKROOT = iphoneos;
				SWIFT_ACTIVE_COMPILATION_CONDITIONS = DEBUG;
				SWIFT_OPTIMIZATION_LEVEL = "-Onone";
			};
			name = Debug;
		};
		3FC7C56F24A2F10700437012 /* Release */ = {
			isa = XCBuildConfiguration;
			buildSettings = {
				ALWAYS_SEARCH_USER_PATHS = NO;
				CLANG_ANALYZER_NONNULL = YES;
				CLANG_ANALYZER_NUMBER_OBJECT_CONVERSION = YES_AGGRESSIVE;
				CLANG_CXX_LANGUAGE_STANDARD = "gnu++14";
				CLANG_CXX_LIBRARY = "libc++";
				CLANG_ENABLE_MODULES = YES;
				CLANG_ENABLE_OBJC_ARC = YES;
				CLANG_ENABLE_OBJC_WEAK = YES;
				CLANG_WARN_BLOCK_CAPTURE_AUTORELEASING = YES;
				CLANG_WARN_BOOL_CONVERSION = YES;
				CLANG_WARN_COMMA = YES;
				CLANG_WARN_CONSTANT_CONVERSION = YES;
				CLANG_WARN_DEPRECATED_OBJC_IMPLEMENTATIONS = YES;
				CLANG_WARN_DIRECT_OBJC_ISA_USAGE = YES_ERROR;
				CLANG_WARN_DOCUMENTATION_COMMENTS = YES;
				CLANG_WARN_EMPTY_BODY = YES;
				CLANG_WARN_ENUM_CONVERSION = YES;
				CLANG_WARN_INFINITE_RECURSION = YES;
				CLANG_WARN_INT_CONVERSION = YES;
				CLANG_WARN_NON_LITERAL_NULL_CONVERSION = YES;
				CLANG_WARN_OBJC_IMPLICIT_RETAIN_SELF = YES;
				CLANG_WARN_OBJC_LITERAL_CONVERSION = YES;
				CLANG_WARN_OBJC_ROOT_CLASS = YES_ERROR;
				CLANG_WARN_QUOTED_INCLUDE_IN_FRAMEWORK_HEADER = YES;
				CLANG_WARN_RANGE_LOOP_ANALYSIS = YES;
				CLANG_WARN_STRICT_PROTOTYPES = YES;
				CLANG_WARN_SUSPICIOUS_MOVE = YES;
				CLANG_WARN_UNGUARDED_AVAILABILITY = YES_AGGRESSIVE;
				CLANG_WARN_UNREACHABLE_CODE = YES;
				CLANG_WARN__DUPLICATE_METHOD_MATCH = YES;
				COPY_PHASE_STRIP = NO;
				DEBUG_INFORMATION_FORMAT = "dwarf-with-dsym";
				ENABLE_NS_ASSERTIONS = NO;
				ENABLE_STRICT_OBJC_MSGSEND = YES;
				GCC_C_LANGUAGE_STANDARD = gnu11;
				GCC_NO_COMMON_BLOCKS = YES;
				GCC_WARN_64_TO_32_BIT_CONVERSION = YES;
				GCC_WARN_ABOUT_RETURN_TYPE = YES_ERROR;
				GCC_WARN_UNDECLARED_SELECTOR = YES;
				GCC_WARN_UNINITIALIZED_AUTOS = YES_AGGRESSIVE;
				GCC_WARN_UNUSED_FUNCTION = YES;
				GCC_WARN_UNUSED_VARIABLE = YES;
				IPHONEOS_DEPLOYMENT_TARGET = 14.0;
				MTL_ENABLE_DEBUG_INFO = NO;
				MTL_FAST_MATH = YES;
				SDKROOT = iphoneos;
				SWIFT_COMPILATION_MODE = wholemodule;
				SWIFT_OPTIMIZATION_LEVEL = "-O";
				VALIDATE_PRODUCT = YES;
			};
			name = Release;
		};
		3FC7C57124A2F10700437012 /* Debug */ = {
			isa = XCBuildConfiguration;
			buildSettings = {
				ASSETCATALOG_COMPILER_APPICON_NAME = AppIcon;
				ASSETCATALOG_COMPILER_GLOBAL_ACCENT_COLOR_NAME = AccentColor;
				CODE_SIGN_STYLE = Automatic;
				DEVELOPMENT_ASSET_PATHS = "\"MeetingSwift/Preview Content\"";
				DEVELOPMENT_TEAM = 8U4XH5CJE9;
				ENABLE_PREVIEWS = YES;
				INFOPLIST_FILE = MeetingSwift/Info.plist;
				IPHONEOS_DEPLOYMENT_TARGET = 14.0;
				LD_RUNPATH_SEARCH_PATHS = (
					"$(inherited)",
					"@executable_path/Frameworks",
				);
				PRODUCT_BUNDLE_IDENTIFIER = We0mmm.MeetingSwift;
				PRODUCT_NAME = "$(TARGET_NAME)";
				SWIFT_VERSION = 5.0;
				TARGETED_DEVICE_FAMILY = "1,2";
			};
			name = Debug;
		};
		3FC7C57224A2F10700437012 /* Release */ = {
			isa = XCBuildConfiguration;
			buildSettings = {
				ASSETCATALOG_COMPILER_APPICON_NAME = AppIcon;
				ASSETCATALOG_COMPILER_GLOBAL_ACCENT_COLOR_NAME = AccentColor;
				CODE_SIGN_STYLE = Automatic;
				DEVELOPMENT_ASSET_PATHS = "\"MeetingSwift/Preview Content\"";
				DEVELOPMENT_TEAM = 8U4XH5CJE9;
				ENABLE_PREVIEWS = YES;
				INFOPLIST_FILE = MeetingSwift/Info.plist;
				IPHONEOS_DEPLOYMENT_TARGET = 14.0;
				LD_RUNPATH_SEARCH_PATHS = (
					"$(inherited)",
					"@executable_path/Frameworks",
				);
				PRODUCT_BUNDLE_IDENTIFIER = We0mmm.MeetingSwift;
				PRODUCT_NAME = "$(TARGET_NAME)";
				SWIFT_VERSION = 5.0;
				TARGETED_DEVICE_FAMILY = "1,2";
			};
			name = Release;
		};
		3FC7C57424A2F10700437012 /* Debug */ = {
			isa = XCBuildConfiguration;
			buildSettings = {
				ALWAYS_EMBED_SWIFT_STANDARD_LIBRARIES = YES;
				BUNDLE_LOADER = "$(TEST_HOST)";
				CODE_SIGN_STYLE = Automatic;
				DEVELOPMENT_TEAM = 8U4XH5CJE9;
				INFOPLIST_FILE = MeetingSwiftTests/Info.plist;
				IPHONEOS_DEPLOYMENT_TARGET = 14.0;
				LD_RUNPATH_SEARCH_PATHS = (
					"$(inherited)",
					"@executable_path/Frameworks",
					"@loader_path/Frameworks",
				);
				PRODUCT_BUNDLE_IDENTIFIER = We0mmm.MeetingSwiftTests;
				PRODUCT_NAME = "$(TARGET_NAME)";
				SWIFT_VERSION = 5.0;
				TARGETED_DEVICE_FAMILY = "1,2";
				TEST_HOST = "$(BUILT_PRODUCTS_DIR)/MeetingSwift.app/MeetingSwift";
			};
			name = Debug;
		};
		3FC7C57524A2F10700437012 /* Release */ = {
			isa = XCBuildConfiguration;
			buildSettings = {
				ALWAYS_EMBED_SWIFT_STANDARD_LIBRARIES = YES;
				BUNDLE_LOADER = "$(TEST_HOST)";
				CODE_SIGN_STYLE = Automatic;
				DEVELOPMENT_TEAM = 8U4XH5CJE9;
				INFOPLIST_FILE = MeetingSwiftTests/Info.plist;
				IPHONEOS_DEPLOYMENT_TARGET = 14.0;
				LD_RUNPATH_SEARCH_PATHS = (
					"$(inherited)",
					"@executable_path/Frameworks",
					"@loader_path/Frameworks",
				);
				PRODUCT_BUNDLE_IDENTIFIER = We0mmm.MeetingSwiftTests;
				PRODUCT_NAME = "$(TARGET_NAME)";
				SWIFT_VERSION = 5.0;
				TARGETED_DEVICE_FAMILY = "1,2";
				TEST_HOST = "$(BUILT_PRODUCTS_DIR)/MeetingSwift.app/MeetingSwift";
			};
			name = Release;
		};
		3FC7C57724A2F10700437012 /* Debug */ = {
			isa = XCBuildConfiguration;
			buildSettings = {
				ALWAYS_EMBED_SWIFT_STANDARD_LIBRARIES = YES;
				CODE_SIGN_STYLE = Automatic;
				DEVELOPMENT_TEAM = 8U4XH5CJE9;
				INFOPLIST_FILE = MeetingSwiftUITests/Info.plist;
				LD_RUNPATH_SEARCH_PATHS = (
					"$(inherited)",
					"@executable_path/Frameworks",
					"@loader_path/Frameworks",
				);
				PRODUCT_BUNDLE_IDENTIFIER = We0mmm.MeetingSwiftUITests;
				PRODUCT_NAME = "$(TARGET_NAME)";
				SWIFT_VERSION = 5.0;
				TARGETED_DEVICE_FAMILY = "1,2";
				TEST_TARGET_NAME = MeetingSwift;
			};
			name = Debug;
		};
		3FC7C57824A2F10700437012 /* Release */ = {
			isa = XCBuildConfiguration;
			buildSettings = {
				ALWAYS_EMBED_SWIFT_STANDARD_LIBRARIES = YES;
				CODE_SIGN_STYLE = Automatic;
				DEVELOPMENT_TEAM = 8U4XH5CJE9;
				INFOPLIST_FILE = MeetingSwiftUITests/Info.plist;
				LD_RUNPATH_SEARCH_PATHS = (
					"$(inherited)",
					"@executable_path/Frameworks",
					"@loader_path/Frameworks",
				);
				PRODUCT_BUNDLE_IDENTIFIER = We0mmm.MeetingSwiftUITests;
				PRODUCT_NAME = "$(TARGET_NAME)";
				SWIFT_VERSION = 5.0;
				TARGETED_DEVICE_FAMILY = "1,2";
				TEST_TARGET_NAME = MeetingSwift;
			};
			name = Release;
		};
/* End XCBuildConfiguration section */

/* Begin XCConfigurationList section */
		3FC7C54624A2F10500437012 /* Build configuration list for PBXProject "MeetingSwift" */ = {
			isa = XCConfigurationList;
			buildConfigurations = (
				3FC7C56E24A2F10700437012 /* Debug */,
				3FC7C56F24A2F10700437012 /* Release */,
			);
			defaultConfigurationIsVisible = 0;
			defaultConfigurationName = Release;
		};
		3FC7C57024A2F10700437012 /* Build configuration list for PBXNativeTarget "MeetingSwift" */ = {
			isa = XCConfigurationList;
			buildConfigurations = (
				3FC7C57124A2F10700437012 /* Debug */,
				3FC7C57224A2F10700437012 /* Release */,
			);
			defaultConfigurationIsVisible = 0;
			defaultConfigurationName = Release;
		};
		3FC7C57324A2F10700437012 /* Build configuration list for PBXNativeTarget "MeetingSwiftTests" */ = {
			isa = XCConfigurationList;
			buildConfigurations = (
				3FC7C57424A2F10700437012 /* Debug */,
				3FC7C57524A2F10700437012 /* Release */,
			);
			defaultConfigurationIsVisible = 0;
			defaultConfigurationName = Release;
		};
		3FC7C57624A2F10700437012 /* Build configuration list for PBXNativeTarget "MeetingSwiftUITests" */ = {
			isa = XCConfigurationList;
			buildConfigurations = (
				3FC7C57724A2F10700437012 /* Debug */,
				3FC7C57824A2F10700437012 /* Release */,
			);
			defaultConfigurationIsVisible = 0;
			defaultConfigurationName = Release;
		};
/* End XCConfigurationList section */
	};
	rootObject = 3FC7C54324A2F10500437012 /* Project object */;
}
